
Microsoft Visual Studio Solution File, Format Version 12.00
# Visual Studio Version 16
VisualStudioVersion = 16.0.29403.142
MinimumVisualStudioVersion = 10.0.40219.1
Project("{FAE04EC0-301F-11D3-BF4B-00C04F79EFBC}") = "CloseFix", "CloseFix\CloseFix.csproj", "{34DFF866-BE08-488B-B7EE-47897923E63D}"
EndProject
Global
	GlobalSection(SolutionConfigurationPlatforms) = preSolution
		Debug|Any CPU = Debug|Any CPU
		Release|Any CPU = Release|Any CPU
	EndGlobalSection
	GlobalSection(ProjectConfigurationPlatforms) = postSolution
		{34DFF866-BE08-488B-B7EE-47897923E63D}.Debug|Any CPU.ActiveCfg = Debug|Any CPU
		{34DFF866-BE08-488B-B7EE-47897923E63D}.Debug|Any CPU.Build.0 = Debug|Any CPU
		{34DFF866-BE08-488B-B7EE-47897923E63D}.Release|Any CPU.ActiveCfg = Release|Any CPU
		{34DFF866-BE08-488B-B7EE-47897923E63D}.Release|Any CPU.Build.0 = Release|Any CPU
	EndGlobalSection
	GlobalSection(SolutionProperties) = preSolution
		HideSolutionNode = FALSE
	EndGlobalSection
	GlobalSection(ExtensibilityGlobals) = postSolution
		SolutionGuid = {D31ABA8E-4747-4638-8C23-A0A3BA35D60A}
	EndGlobalSection
EndGlobal
